// !$*UTF8*$!
{
	archiveVersion = 1;
	classes = {
	};
	objectVersion = 56;
	objects = {

/* Begin PBXBuildFile section */
		F7DB95622CDD825E00859D99 /* HopConnectApp.swift in Sources */ = {isa = PBXBuildFile; fileRef = F7DB95612CDD825E00859D99 /* HopConnectApp.swift */; };
		F7DB95642CDD825E00859D99 /* ContentView.swift in Sources */ = {isa = PBXBuildFile; fileRef = F7DB95632CDD825E00859D99 /* ContentView.swift */; };
		F7DB95662CDD826000859D99 /* Assets.xcassets in Resources */ = {isa = PBXBuildFile; fileRef = F7DB95652CDD826000859D99 /* Assets.xcassets */; };
		F7DB95692CDD826000859D99 /* Preview Assets.xcassets in Resources */ = {isa = PBXBuildFile; fileRef = F7DB95682CDD826000859D99 /* Preview Assets.xcassets */; };
		F7DB95732CDD826000859D99 /* HopConnectTests.swift in Sources */ = {isa = PBXBuildFile; fileRef = F7DB95722CDD826000859D99 /* HopConnectTests.swift */; };
		F7DB957D2CDD826000859D99 /* HopConnectUITests.swift in Sources */ = {isa = PBXBuildFile; fileRef = F7DB957C2CDD826000859D99 /* HopConnectUITests.swift */; };
		F7DB957F2CDD826000859D99 /* HopConnectUITestsLaunchTests.swift in Sources */ = {isa = PBXBuildFile; fileRef = F7DB957E2CDD826000859D99 /* HopConnectUITestsLaunchTests.swift */; };
		F7E5D3522CDD93C50066E70B /* LoginView.swift in Sources */ = {isa = PBXBuildFile; fileRef = F7E5D3512CDD93C50066E70B /* LoginView.swift */; };
		F7E5D3542CDD93F30066E70B /* SignupView.swift in Sources */ = {isa = PBXBuildFile; fileRef = F7E5D3532CDD93F30066E70B /* SignupView.swift */; };
/* End PBXBuildFile section */

/* Begin PBXContainerItemProxy section */
		F7DB956F2CDD826000859D99 /* PBXContainerItemProxy */ = {
			isa = PBXContainerItemProxy;
			containerPortal = F7DB95562CDD825E00859D99 /* Project object */;
			proxyType = 1;
			remoteGlobalIDString = F7DB955D2CDD825E00859D99;
			remoteInfo = HopConnect;
		};
		F7DB95792CDD826000859D99 /* PBXContainerItemProxy */ = {
			isa = PBXContainerItemProxy;
			containerPortal = F7DB95562CDD825E00859D99 /* Project object */;
			proxyType = 1;
			remoteGlobalIDString = F7DB955D2CDD825E00859D99;
			remoteInfo = HopConnect;
		};
/* End PBXContainerItemProxy section */

/* Begin PBXFileReference section */
		F7DB955E2CDD825E00859D99 /* HopConnect.app */ = {isa = PBXFileReference; explicitFileType = wrapper.application; includeInIndex = 0; path = HopConnect.app; sourceTree = BUILT_PRODUCTS_DIR; };
		F7DB95612CDD825E00859D99 /* HopConnectApp.swift */ = {isa = PBXFileReference; lastKnownFileType = sourcecode.swift; path = HopConnectApp.swift; sourceTree = "<group>"; };
		F7DB95632CDD825E00859D99 /* ContentView.swift */ = {isa = PBXFileReference; lastKnownFileType = sourcecode.swift; path = ContentView.swift; sourceTree = "<group>"; };
		F7DB95652CDD826000859D99 /* Assets.xcassets */ = {isa = PBXFileReference; lastKnownFileType = folder.assetcatalog; path = Assets.xcassets; sourceTree = "<group>"; };
		F7DB95682CDD826000859D99 /* Preview Assets.xcassets */ = {isa = PBXFileReference; lastKnownFileType = folder.assetcatalog; path = "Preview Assets.xcassets"; sourceTree = "<group>"; };
		F7DB956E2CDD826000859D99 /* HopConnectTests.xctest */ = {isa = PBXFileReference; explicitFileType = wrapper.cfbundle; includeInIndex = 0; path = HopConnectTests.xctest; sourceTree = BUILT_PRODUCTS_DIR; };
		F7DB95722CDD826000859D99 /* HopConnectTests.swift */ = {isa = PBXFileReference; lastKnownFileType = sourcecode.swift; path = HopConnectTests.swift; sourceTree = "<group>"; };
		F7DB95782CDD826000859D99 /* HopConnectUITests.xctest */ = {isa = PBXFileReference; explicitFileType = wrapper.cfbundle; includeInIndex = 0; path = HopConnectUITests.xctest; sourceTree = BUILT_PRODUCTS_DIR; };
		F7DB957C2CDD826000859D99 /* HopConnectUITests.swift */ = {isa = PBXFileReference; lastKnownFileType = sourcecode.swift; path = HopConnectUITests.swift; sourceTree = "<group>"; };
		F7DB957E2CDD826000859D99 /* HopConnectUITestsLaunchTests.swift */ = {isa = PBXFileReference; lastKnownFileType = sourcecode.swift; path = HopConnectUITestsLaunchTests.swift; sourceTree = "<group>"; };
		F7E5D3512CDD93C50066E70B /* LoginView.swift */ = {isa = PBXFileReference; lastKnownFileType = sourcecode.swift; path = LoginView.swift; sourceTree = "<group>"; };
		F7E5D3532CDD93F30066E70B /* SignupView.swift */ = {isa = PBXFileReference; lastKnownFileType = sourcecode.swift; path = SignupView.swift; sourceTree = "<group>"; };
/* End PBXFileReference section */

/* Begin PBXFrameworksBuildPhase section */
		F7DB955B2CDD825E00859D99 /* Frameworks */ = {
			isa = PBXFrameworksBuildPhase;
			buildActionMask = 2147483647;
			files = (
			);
			runOnlyForDeploymentPostprocessing = 0;
		};
		F7DB956B2CDD826000859D99 /* Frameworks */ = {
			isa = PBXFrameworksBuildPhase;
			buildActionMask = 2147483647;
			files = (
			);
			runOnlyForDeploymentPostprocessing = 0;
		};
		F7DB95752CDD826000859D99 /* Frameworks */ = {
			isa = PBXFrameworksBuildPhase;
			buildActionMask = 2147483647;
			files = (
			);
			runOnlyForDeploymentPostprocessing = 0;
		};
/* End PBXFrameworksBuildPhase section */

/* Begin PBXGroup section */
		F7DB95552CDD825E00859D99 = {
			isa = PBXGroup;
			children = (
				F7DB95602CDD825E00859D99 /* HopConnect */,
				F7DB95712CDD826000859D99 /* HopConnectTests */,
				F7DB957B2CDD826000859D99 /* HopConnectUITests */,
				F7DB955F2CDD825E00859D99 /* Products */,
			);
			sourceTree = "<group>";
		};
		F7DB955F2CDD825E00859D99 /* Products */ = {
			isa = PBXGroup;
			children = (
				F7DB955E2CDD825E00859D99 /* HopConnect.app */,
				F7DB956E2CDD826000859D99 /* HopConnectTests.xctest */,
				F7DB95782CDD826000859D99 /* HopConnectUITests.xctest */,
			);
			name = Products;
			sourceTree = "<group>";
		};
		F7DB95602CDD825E00859D99 /* HopConnect */ = {
			isa = PBXGroup;
			children = (
				F7DB95612CDD825E00859D99 /* HopConnectApp.swift */,
				F7DB95632CDD825E00859D99 /* ContentView.swift */,
				F7E5D3512CDD93C50066E70B /* LoginView.swift */,
				F7E5D3532CDD93F30066E70B /* SignupView.swift */,
				F7DB95652CDD826000859D99 /* Assets.xcassets */,
				F7DB95672CDD826000859D99 /* Preview Content */,
			);
			path = HopConnect;
			sourceTree = "<group>";
		};
		F7DB95672CDD826000859D99 /* Preview Content */ = {
			isa = PBXGroup;
			children = (
				F7DB95682CDD826000859D99 /* Preview Assets.xcassets */,
			);
			path = "Preview Content";
			sourceTree = "<group>";
		};
		F7DB95712CDD826000859D99 /* HopConnectTests */ = {
			isa = PBXGroup;
			children = (
				F7DB95722CDD826000859D99 /* HopConnectTests.swift */,
			);
			path = HopConnectTests;
			sourceTree = "<group>";
		};
		F7DB957B2CDD826000859D99 /* HopConnectUITests */ = {
			isa = PBXGroup;
			children = (
				F7DB957C2CDD826000859D99 /* HopConnectUITests.swift */,
				F7DB957E2CDD826000859D99 /* HopConnectUITestsLaunchTests.swift */,
			);
			path = HopConnectUITests;
			sourceTree = "<group>";
		};
/* End PBXGroup section */

/* Begin PBXNativeTarget section */
		F7DB955D2CDD825E00859D99 /* HopConnect */ = {
			isa = PBXNativeTarget;
			buildConfigurationList = F7DB95822CDD826000859D99 /* Build configuration list for PBXNativeTarget "HopConnect" */;
			buildPhases = (
				F7DB955A2CDD825E00859D99 /* Sources */,
				F7DB955B2CDD825E00859D99 /* Frameworks */,
				F7DB955C2CDD825E00859D99 /* Resources */,
			);
			buildRules = (
			);
			dependencies = (
			);
			name = HopConnect;
			productName = HopConnect;
			productReference = F7DB955E2CDD825E00859D99 /* HopConnect.app */;
			productType = "com.apple.product-type.application";
		};
		F7DB956D2CDD826000859D99 /* HopConnectTests */ = {
			isa = PBXNativeTarget;
			buildConfigurationList = F7DB95852CDD826000859D99 /* Build configuration list for PBXNativeTarget "HopConnectTests" */;
			buildPhases = (
				F7DB956A2CDD826000859D99 /* Sources */,
				F7DB956B2CDD826000859D99 /* Frameworks */,
				F7DB956C2CDD826000859D99 /* Resources */,
			);
			buildRules = (
			);
			dependencies = (
				F7DB95702CDD826000859D99 /* PBXTargetDependency */,
			);
			name = HopConnectTests;
			productName = HopConnectTests;
			productReference = F7DB956E2CDD826000859D99 /* HopConnectTests.xctest */;
			productType = "com.apple.product-type.bundle.unit-test";
		};
		F7DB95772CDD826000859D99 /* HopConnectUITests */ = {
			isa = PBXNativeTarget;
			buildConfigurationList = F7DB95882CDD826000859D99 /* Build configuration list for PBXNativeTarget "HopConnectUITests" */;
			buildPhases = (
				F7DB95742CDD826000859D99 /* Sources */,
				F7DB95752CDD826000859D99 /* Frameworks */,
				F7DB95762CDD826000859D99 /* Resources */,
			);
			buildRules = (
			);
			dependencies = (
				F7DB957A2CDD826000859D99 /* PBXTargetDependency */,
			);
			name = HopConnectUITests;
			productName = HopConnectUITests;
			productReference = F7DB95782CDD826000859D99 /* HopConnectUITests.xctest */;
			productType = "com.apple.product-type.bundle.ui-testing";
		};
/* End PBXNativeTarget section */

/* Begin PBXProject section */
		F7DB95562CDD825E00859D99 /* Project object */ = {
			isa = PBXProject;
			attributes = {
				BuildIndependentTargetsInParallel = 1;
				LastSwiftUpdateCheck = 1530;
				LastUpgradeCheck = 1530;
				TargetAttributes = {
					F7DB955D2CDD825E00859D99 = {
						CreatedOnToolsVersion = 15.3;
					};
					F7DB956D2CDD826000859D99 = {
						CreatedOnToolsVersion = 15.3;
						TestTargetID = F7DB955D2CDD825E00859D99;
					};
					F7DB95772CDD826000859D99 = {
						CreatedOnToolsVersion = 15.3;
						TestTargetID = F7DB955D2CDD825E00859D99;
					};
				};
			};
			buildConfigurationList = F7DB95592CDD825E00859D99 /* Build configuration list for PBXProject "HopConnect" */;
			compatibilityVersion = "Xcode 14.0";
			developmentRegion = en;
			hasScannedForEncodings = 0;
			knownRegions = (
				en,
				Base,
			);
			mainGroup = F7DB95552CDD825E00859D99;
			productRefGroup = F7DB955F2CDD825E00859D99 /* Products */;
			projectDirPath = "";
			projectRoot = "";
			targets = (
				F7DB955D2CDD825E00859D99 /* HopConnect */,
				F7DB956D2CDD826000859D99 /* HopConnectTests */,
				F7DB95772CDD826000859D99 /* HopConnectUITests */,
			);
		};
/* End PBXProject section */

/* Begin PBXResourcesBuildPhase section */
		F7DB955C2CDD825E00859D99 /* Resources */ = {
			isa = PBXResourcesBuildPhase;
			buildActionMask = 2147483647;
			files = (
				F7DB95692CDD826000859D99 /* Preview Assets.xcassets in Resources */,
				F7DB95662CDD826000859D99 /* Assets.xcassets in Resources */,
			);
			runOnlyForDeploymentPostprocessing = 0;
		};
		F7DB956C2CDD826000859D99 /* Resources */ = {
			isa = PBXResourcesBuildPhase;
			buildActionMask = 2147483647;
			files = (
			);
			runOnlyForDeploymentPostprocessing = 0;
		};
		F7DB95762CDD826000859D99 /* Resources */ = {
			isa = PBXResourcesBuildPhase;
			buildActionMask = 2147483647;
			files = (
			);
			runOnlyForDeploymentPostprocessing = 0;
		};
/* End PBXResourcesBuildPhase section */

/* Begin PBXSourcesBuildPhase section */
		F7DB955A2CDD825E00859D99 /* Sources */ = {
			isa = PBXSourcesBuildPhase;
			buildActionMask = 2147483647;
			files = (
				F7E5D3542CDD93F30066E70B /* SignupView.swift in Sources */,
				F7E5D3522CDD93C50066E70B /* LoginView.swift in Sources */,
				F7DB95642CDD825E00859D99 /* ContentView.swift in Sources */,
				F7DB95622CDD825E00859D99 /* HopConnectApp.swift in Sources */,
			);
			runOnlyForDeploymentPostprocessing = 0;
		};
		F7DB956A2CDD826000859D99 /* Sources */ = {
			isa = PBXSourcesBuildPhase;
			buildActionMask = 2147483647;
			files = (
				F7DB95732CDD826000859D99 /* HopConnectTests.swift in Sources */,
			);
			runOnlyForDeploymentPostprocessing = 0;
		};
		F7DB95742CDD826000859D99 /* Sources */ = {
			isa = PBXSourcesBuildPhase;
			buildActionMask = 2147483647;
			files = (
				F7DB957D2CDD826000859D99 /* HopConnectUITests.swift in Sources */,
				F7DB957F2CDD826000859D99 /* HopConnectUITestsLaunchTests.swift in Sources */,
			);
			runOnlyForDeploymentPostprocessing = 0;
		};
/* End PBXSourcesBuildPhase section */

/* Begin PBXTargetDependency section */
		F7DB95702CDD826000859D99 /* PBXTargetDependency */ = {
			isa = PBXTargetDependency;
			target = F7DB955D2CDD825E00859D99 /* HopConnect */;
			targetProxy = F7DB956F2CDD826000859D99 /* PBXContainerItemProxy */;
		};
		F7DB957A2CDD826000859D99 /* PBXTargetDependency */ = {
			isa = PBXTargetDependency;
			target = F7DB955D2CDD825E00859D99 /* HopConnect */;
			targetProxy = F7DB95792CDD826000859D99 /* PBXContainerItemProxy */;
		};
/* End PBXTargetDependency section */

/* Begin XCBuildConfiguration section */
		F7DB95802CDD826000859D99 /* Debug */ = {
			isa = XCBuildConfiguration;
			buildSettings = {
				ALWAYS_SEARCH_USER_PATHS = NO;
				ASSETCATALOG_COMPILER_GENERATE_SWIFT_ASSET_SYMBOL_EXTENSIONS = YES;
				CLANG_ANALYZER_NONNULL = YES;
				CLANG_ANALYZER_NUMBER_OBJECT_CONVERSION = YES_AGGRESSIVE;
				CLANG_CXX_LANGUAGE_STANDARD = "gnu++20";
				CLANG_ENABLE_MODULES = YES;
				CLANG_ENABLE_OBJC_ARC = YES;
				CLANG_ENABLE_OBJC_WEAK = YES;
				CLANG_WARN_BLOCK_CAPTURE_AUTORELEASING = YES;
				CLANG_WARN_BOOL_CONVERSION = YES;
				CLANG_WARN_COMMA = YES;
				CLANG_WARN_CONSTANT_CONVERSION = YES;
				CLANG_WARN_DEPRECATED_OBJC_IMPLEMENTATIONS = YES;
				CLANG_WARN_DIRECT_OBJC_ISA_USAGE = YES_ERROR;
				CLANG_WARN_DOCUMENTATION_COMMENTS = YES;
				CLANG_WARN_EMPTY_BODY = YES;
				CLANG_WARN_ENUM_CONVERSION = YES;
				CLANG_WARN_INFINITE_RECURSION = YES;
				CLANG_WARN_INT_CONVERSION = YES;
				CLANG_WARN_NON_LITERAL_NULL_CONVERSION = YES;
				CLANG_WARN_OBJC_IMPLICIT_RETAIN_SELF = YES;
				CLANG_WARN_OBJC_LITERAL_CONVERSION = YES;
				CLANG_WARN_OBJC_ROOT_CLASS = YES_ERROR;
				CLANG_WARN_QUOTED_INCLUDE_IN_FRAMEWORK_HEADER = YES;
				CLANG_WARN_RANGE_LOOP_ANALYSIS = YES;
				CLANG_WARN_STRICT_PROTOTYPES = YES;
				CLANG_WARN_SUSPICIOUS_MOVE = YES;
				CLANG_WARN_UNGUARDED_AVAILABILITY = YES_AGGRESSIVE;
				CLANG_WARN_UNREACHABLE_CODE = YES;
				CLANG_WARN__DUPLICATE_METHOD_MATCH = YES;
				COPY_PHASE_STRIP = NO;
				DEBUG_INFORMATION_FORMAT = dwarf;
				ENABLE_STRICT_OBJC_MSGSEND = YES;
				ENABLE_TESTABILITY = YES;
				ENABLE_USER_SCRIPT_SANDBOXING = YES;
				GCC_C_LANGUAGE_STANDARD = gnu17;
				GCC_DYNAMIC_NO_PIC = NO;
				GCC_NO_COMMON_BLOCKS = YES;
				GCC_OPTIMIZATION_LEVEL = 0;
				GCC_PREPROCESSOR_DEFINITIONS = (
					"DEBUG=1",
					"$(inherited)",
				);
				GCC_WARN_64_TO_32_BIT_CONVERSION = YES;
				GCC_WARN_ABOUT_RETURN_TYPE = YES_ERROR;
				GCC_WARN_UNDECLARED_SELECTOR = YES;
				GCC_WARN_UNINITIALIZED_AUTOS = YES_AGGRESSIVE;
				GCC_WARN_UNUSED_FUNCTION = YES;
				GCC_WARN_UNUSED_VARIABLE = YES;
				IPHONEOS_DEPLOYMENT_TARGET = 17.4;
				LOCALIZATION_PREFERS_STRING_CATALOGS = YES;
				MTL_ENABLE_DEBUG_INFO = INCLUDE_SOURCE;
				MTL_FAST_MATH = YES;
				ONLY_ACTIVE_ARCH = YES;
				SDKROOT = iphoneos;
				SWIFT_ACTIVE_COMPILATION_CONDITIONS = "DEBUG $(inherited)";
				SWIFT_OPTIMIZATION_LEVEL = "-Onone";
			};
			name = Debug;
		};
		F7DB95812CDD826000859D99 /* Release */ = {
			isa = XCBuildConfiguration;
			buildSettings = {
				ALWAYS_SEARCH_USER_PATHS = NO;
				ASSETCATALOG_COMPILER_GENERATE_SWIFT_ASSET_SYMBOL_EXTENSIONS = YES;
				CLANG_ANALYZER_NONNULL = YES;
				CLANG_ANALYZER_NUMBER_OBJECT_CONVERSION = YES_AGGRESSIVE;
				CLANG_CXX_LANGUAGE_STANDARD = "gnu++20";
				CLANG_ENABLE_MODULES = YES;
				CLANG_ENABLE_OBJC_ARC = YES;
				CLANG_ENABLE_OBJC_WEAK = YES;
				CLANG_WARN_BLOCK_CAPTURE_AUTORELEASING = YES;
				CLANG_WARN_BOOL_CONVERSION = YES;
				CLANG_WARN_COMMA = YES;
				CLANG_WARN_CONSTANT_CONVERSION = YES;
				CLANG_WARN_DEPRECATED_OBJC_IMPLEMENTATIONS = YES;
				CLANG_WARN_DIRECT_OBJC_ISA_USAGE = YES_ERROR;
				CLANG_WARN_DOCUMENTATION_COMMENTS = YES;
				CLANG_WARN_EMPTY_BODY = YES;
				CLANG_WARN_ENUM_CONVERSION = YES;
				CLANG_WARN_INFINITE_RECURSION = YES;
				CLANG_WARN_INT_CONVERSION = YES;
				CLANG_WARN_NON_LITERAL_NULL_CONVERSION = YES;
				CLANG_WARN_OBJC_IMPLICIT_RETAIN_SELF = YES;
				CLANG_WARN_OBJC_LITERAL_CONVERSION = YES;
				CLANG_WARN_OBJC_ROOT_CLASS = YES_ERROR;
				CLANG_WARN_QUOTED_INCLUDE_IN_FRAMEWORK_HEADER = YES;
				CLANG_WARN_RANGE_LOOP_ANALYSIS = YES;
				CLANG_WARN_STRICT_PROTOTYPES = YES;
				CLANG_WARN_SUSPICIOUS_MOVE = YES;
				CLANG_WARN_UNGUARDED_AVAILABILITY = YES_AGGRESSIVE;
				CLANG_WARN_UNREACHABLE_CODE = YES;
				CLANG_WARN__DUPLICATE_METHOD_MATCH = YES;
				COPY_PHASE_STRIP = NO;
				DEBUG_INFORMATION_FORMAT = "dwarf-with-dsym";
				ENABLE_NS_ASSERTIONS = NO;
				ENABLE_STRICT_OBJC_MSGSEND = YES;
				ENABLE_USER_SCRIPT_SANDBOXING = YES;
				GCC_C_LANGUAGE_STANDARD = gnu17;
				GCC_NO_COMMON_BLOCKS = YES;
				GCC_WARN_64_TO_32_BIT_CONVERSION = YES;
				GCC_WARN_ABOUT_RETURN_TYPE = YES_ERROR;
				GCC_WARN_UNDECLARED_SELECTOR = YES;
				GCC_WARN_UNINITIALIZED_AUTOS = YES_AGGRESSIVE;
				GCC_WARN_UNUSED_FUNCTION = YES;
				GCC_WARN_UNUSED_VARIABLE = YES;
				IPHONEOS_DEPLOYMENT_TARGET = 17.4;
				LOCALIZATION_PREFERS_STRING_CATALOGS = YES;
				MTL_ENABLE_DEBUG_INFO = NO;
				MTL_FAST_MATH = YES;
				SDKROOT = iphoneos;
				SWIFT_COMPILATION_MODE = wholemodule;
				VALIDATE_PRODUCT = YES;
			};
			name = Release;
		};
		F7DB95832CDD826000859D99 /* Debug */ = {
			isa = XCBuildConfiguration;
			buildSettings = {
				ASSETCATALOG_COMPILER_APPICON_NAME = AppIcon;
				ASSETCATALOG_COMPILER_GLOBAL_ACCENT_COLOR_NAME = AccentColor;
				CODE_SIGN_STYLE = Automatic;
				CURRENT_PROJECT_VERSION = 1;
				DEVELOPMENT_ASSET_PATHS = "\"HopConnect/Preview Content\"";
				DEVELOPMENT_TEAM = 62QUP33XP6;
				ENABLE_PREVIEWS = YES;
				GENERATE_INFOPLIST_FILE = YES;
				INFOPLIST_KEY_UIApplicationSceneManifest_Generation = YES;
				INFOPLIST_KEY_UIApplicationSupportsIndirectInputEvents = YES;
				INFOPLIST_KEY_UILaunchScreen_Generation = YES;
				INFOPLIST_KEY_UISupportedInterfaceOrientations_iPad = "UIInterfaceOrientationPortrait UIInterfaceOrientationPortraitUpsideDown UIInterfaceOrientationLandscapeLeft UIInterfaceOrientationLandscapeRight";
				INFOPLIST_KEY_UISupportedInterfaceOrientations_iPhone = "UIInterfaceOrientationPortrait UIInterfaceOrientationLandscapeLeft UIInterfaceOrientationLandscapeRight";
				IPHONEOS_DEPLOYMENT_TARGET = 15.0;
				LD_RUNPATH_SEARCH_PATHS = (
					"$(inherited)",
					"@executable_path/Frameworks",
				);
				MARKETING_VERSION = 1.0;
				PRODUCT_BUNDLE_IDENTIFIER = HopConnect.HopConnect;
				PRODUCT_NAME = "$(TARGET_NAME)";
				SWIFT_EMIT_LOC_STRINGS = YES;
				SWIFT_VERSION = 5.0;
				TARGETED_DEVICE_FAMILY = "1,2";
			};
			name = Debug;
		};
		F7DB95842CDD826000859D99 /* Release */ = {
			isa = XCBuildConfiguration;
			buildSettings = {
				ASSETCATALOG_COMPILER_APPICON_NAME = AppIcon;
				ASSETCATALOG_COMPILER_GLOBAL_ACCENT_COLOR_NAME = AccentColor;
				CODE_SIGN_STYLE = Automatic;
				CURRENT_PROJECT_VERSION = 1;
				DEVELOPMENT_ASSET_PATHS = "\"HopConnect/Preview Content\"";
				DEVELOPMENT_TEAM = 62QUP33XP6;
				ENABLE_PREVIEWS = YES;
				GENERATE_INFOPLIST_FILE = YES;
				INFOPLIST_KEY_UIApplicationSceneManifest_Generation = YES;
				INFOPLIST_KEY_UIApplicationSupportsIndirectInputEvents = YES;
				INFOPLIST_KEY_UILaunchScreen_Generation = YES;
				INFOPLIST_KEY_UISupportedInterfaceOrientations_iPad = "UIInterfaceOrientationPortrait UIInterfaceOrientationPortraitUpsideDown UIInterfaceOrientationLandscapeLeft UIInterfaceOrientationLandscapeRight";
				INFOPLIST_KEY_UISupportedInterfaceOrientations_iPhone = "UIInterfaceOrientationPortrait UIInterfaceOrientationLandscapeLeft UIInterfaceOrientationLandscapeRight";
				IPHONEOS_DEPLOYMENT_TARGET = 15.0;
				LD_RUNPATH_SEARCH_PATHS = (
					"$(inherited)",
					"@executable_path/Frameworks",
				);
				MARKETING_VERSION = 1.0;
				PRODUCT_BUNDLE_IDENTIFIER = HopConnect.HopConnect;
				PRODUCT_NAME = "$(TARGET_NAME)";
				SWIFT_EMIT_LOC_STRINGS = YES;
				SWIFT_VERSION = 5.0;
				TARGETED_DEVICE_FAMILY = "1,2";
			};
			name = Release;
		};
		F7DB95862CDD826000859D99 /* Debug */ = {
			isa = XCBuildConfiguration;
			buildSettings = {
				ALWAYS_EMBED_SWIFT_STANDARD_LIBRARIES = YES;
				BUNDLE_LOADER = "$(TEST_HOST)";
				CODE_SIGN_STYLE = Automatic;
				CURRENT_PROJECT_VERSION = 1;
				DEVELOPMENT_TEAM = 62QUP33XP6;
				GENERATE_INFOPLIST_FILE = YES;
				IPHONEOS_DEPLOYMENT_TARGET = 17.4;
				MARKETING_VERSION = 1.0;
				PRODUCT_BUNDLE_IDENTIFIER = HopConnect.HopConnectTests;
				PRODUCT_NAME = "$(TARGET_NAME)";
				SWIFT_EMIT_LOC_STRINGS = NO;
				SWIFT_VERSION = 5.0;
				TARGETED_DEVICE_FAMILY = "1,2";
				TEST_HOST = "$(BUILT_PRODUCTS_DIR)/HopConnect.app/$(BUNDLE_EXECUTABLE_FOLDER_PATH)/HopConnect";
			};
			name = Debug;
		};
		F7DB95872CDD826000859D99 /* Release */ = {
			isa = XCBuildConfiguration;
			buildSettings = {
				ALWAYS_EMBED_SWIFT_STANDARD_LIBRARIES = YES;
				BUNDLE_LOADER = "$(TEST_HOST)";
				CODE_SIGN_STYLE = Automatic;
				CURRENT_PROJECT_VERSION = 1;
				DEVELOPMENT_TEAM = 62QUP33XP6;
				GENERATE_INFOPLIST_FILE = YES;
				IPHONEOS_DEPLOYMENT_TARGET = 17.4;
				MARKETING_VERSION = 1.0;
				PRODUCT_BUNDLE_IDENTIFIER = HopConnect.HopConnectTests;
				PRODUCT_NAME = "$(TARGET_NAME)";
				SWIFT_EMIT_LOC_STRINGS = NO;
				SWIFT_VERSION = 5.0;
				TARGETED_DEVICE_FAMILY = "1,2";
				TEST_HOST = "$(BUILT_PRODUCTS_DIR)/HopConnect.app/$(BUNDLE_EXECUTABLE_FOLDER_PATH)/HopConnect";
			};
			name = Release;
		};
		F7DB95892CDD826000859D99 /* Debug */ = {
			isa = XCBuildConfiguration;
			buildSettings = {
				ALWAYS_EMBED_SWIFT_STANDARD_LIBRARIES = YES;
				CODE_SIGN_STYLE = Automatic;
				CURRENT_PROJECT_VERSION = 1;
				DEVELOPMENT_TEAM = 62QUP33XP6;
				GENERATE_INFOPLIST_FILE = YES;
				MARKETING_VERSION = 1.0;
				PRODUCT_BUNDLE_IDENTIFIER = HopConnect.HopConnectUITests;
				PRODUCT_NAME = "$(TARGET_NAME)";
				SWIFT_EMIT_LOC_STRINGS = NO;
				SWIFT_VERSION = 5.0;
				TARGETED_DEVICE_FAMILY = "1,2";
				TEST_TARGET_NAME = HopConnect;
			};
			name = Debug;
		};
		F7DB958A2CDD826000859D99 /* Release */ = {
			isa = XCBuildConfiguration;
			buildSettings = {
				ALWAYS_EMBED_SWIFT_STANDARD_LIBRARIES = YES;
				CODE_SIGN_STYLE = Automatic;
				CURRENT_PROJECT_VERSION = 1;
				DEVELOPMENT_TEAM = 62QUP33XP6;
				GENERATE_INFOPLIST_FILE = YES;
				MARKETING_VERSION = 1.0;
				PRODUCT_BUNDLE_IDENTIFIER = HopConnect.HopConnectUITests;
				PRODUCT_NAME = "$(TARGET_NAME)";
				SWIFT_EMIT_LOC_STRINGS = NO;
				SWIFT_VERSION = 5.0;
				TARGETED_DEVICE_FAMILY = "1,2";
				TEST_TARGET_NAME = HopConnect;
			};
			name = Release;
		};
/* End XCBuildConfiguration section */

/* Begin XCConfigurationList section */
		F7DB95592CDD825E00859D99 /* Build configuration list for PBXProject "HopConnect" */ = {
			isa = XCConfigurationList;
			buildConfigurations = (
				F7DB95802CDD826000859D99 /* Debug */,
				F7DB95812CDD826000859D99 /* Release */,
			);
			defaultConfigurationIsVisible = 0;
			defaultConfigurationName = Release;
		};
		F7DB95822CDD826000859D99 /* Build configuration list for PBXNativeTarget "HopConnect" */ = {
			isa = XCConfigurationList;
			buildConfigurations = (
				F7DB95832CDD826000859D99 /* Debug */,
				F7DB95842CDD826000859D99 /* Release */,
			);
			defaultConfigurationIsVisible = 0;
			defaultConfigurationName = Release;
		};
		F7DB95852CDD826000859D99 /* Build configuration list for PBXNativeTarget "HopConnectTests" */ = {
			isa = XCConfigurationList;
			buildConfigurations = (
				F7DB95862CDD826000859D99 /* Debug */,
				F7DB95872CDD826000859D99 /* Release */,
			);
			defaultConfigurationIsVisible = 0;
			defaultConfigurationName = Release;
		};
		F7DB95882CDD826000859D99 /* Build configuration list for PBXNativeTarget "HopConnectUITests" */ = {
			isa = XCConfigurationList;
			buildConfigurations = (
				F7DB95892CDD826000859D99 /* Debug */,
				F7DB958A2CDD826000859D99 /* Release */,
			);
			defaultConfigurationIsVisible = 0;
			defaultConfigurationName = Release;
		};
/* End XCConfigurationList section */
	};
	rootObject = F7DB95562CDD825E00859D99 /* Project object */;
}
